NeoBundleLock emmet-vim af10f14ae5bf31e3cd3b4444e9c336b71821777b
NeoBundleLock neobundle.vim f5ace1d749382ab5e5a22670d57c61303a927b72
NeoBundleLock neocomplcache d83bcbd0b142eb8de9d669ead26914cd7322a51c
NeoBundleLock neosnippet 044c9cb8ca46a5e27eec37198990c26fe707b02a
NeoBundleLock neosnippet-snippets 753906042c079d64d038565e6e518e1318ea6ec6
NeoBundleLock nerdtree 3b98a7fcae8f9fff356907171f0406ff8cd28921
NeoBundleLock syntastic 48812d8333cd30d36f7f908328480ed9a01ab38f
NeoBundleLock vim-autoclose a9a3b7384657bc1f60a963fd6c08c63fc48d61c3
NeoBundleLock vim-php-dictionary 6baaf3000e829b1db6083a4a773053729bb57bf4
NeoBundleLock vim-surround ec579a50478758ee6cebe265cf536f9a2f6c4e34
NeoBundleLock vimproc 0f68bcd93399ecbcde3eaa4efd09107314c9bdee
